
Microsoft Visual Studio Solution File, Format Version 12.00
# Visual Studio Version 16
VisualStudioVersion = 16.0.34114.132
MinimumVisualStudioVersion = 10.0.40219.1
Project("{FAE04EC0-301F-11D3-BF4B-00C04F79EFBC}") = "Uranus.Common", "Uranus.Common\Uranus.Common.csproj", "{41EBC5E4-CB29-4C90-A811-BB7741C14A46}"
EndProject
Project("{FAE04EC0-301F-11D3-BF4B-00C04F79EFBC}") = "Uranus.Business", "Uranus.Business\Uranus.Business.csproj", "{00EDE502-0963-46F6-8F50-242EF83F72F5}"
EndProject
Project("{FAE04EC0-301F-11D3-BF4B-00C04F79EFBC}") = "Uranus.Data", "Uranus.Data\Uranus.Data.csproj", "{22E51117-94E0-4FF9-991B-08183D9C0542}"
EndProject
Project("{FAE04EC0-301F-11D3-BF4B-00C04F79EFBC}") = "Uranus.Domain", "Uranus.Domain\Uranus.Domain.csproj", "{27D025FB-5F10-449D-B5CC-2A9F4E02D172}"
EndProject
Project("{FAE04EC0-301F-11D3-BF4B-00C04F79EFBC}") = "Uranus.Suite", "Uranus.Suite\Uranus.Suite.csproj", "{514EF384-1F2B-4341-8AFD-31718FE2D9B1}"
EndProject
Project("{FAE04EC0-301F-11D3-BF4B-00C04F79EFBC}") = "Uranus.WindowsService", "Uranus.WindowsService\Uranus.WindowsService.csproj", "{B5AC481C-A7EE-4C79-8FB6-EFEDE9607449}"
EndProject
Project("{FAE04EC0-301F-11D3-BF4B-00C04F79EFBC}") = "R9.DataBase", "R9.DataBase\R9.DataBase.csproj", "{DF4C6F17-3DE1-4198-9476-6C4707BF89CB}"
EndProject
Project("{9A19103F-16F7-4668-BE54-9A1E7A4F7556}") = "HtmlToOpenXml", "html2openxml-dev\src\Html2OpenXml\HtmlToOpenXml.csproj", "{CD21AD5F-6ABB-4145-BE3C-B32A24B9F45F}"
EndProject
Project("{FAE04EC0-301F-11D3-BF4B-00C04F79EFBC}") = "Uranus.App", "Uranus.App\Uranus.App.csproj", "{7887E8C6-4BC9-4E56-9AC6-119778E46D0B}"
EndProject
Project("{2150E333-8FDC-42A3-9474-1A3956D46DE8}") = "RVM.Solucoes", "RVM.Solucoes", "{F20EC5B5-25F3-43DD-9D1C-BE145504602A}"
EndProject
Project("{FAE04EC0-301F-11D3-BF4B-00C04F79EFBC}") = "Sigman.Common", "..\RVM.Solucoes\Sigman.Common\Sigman.Common.csproj", "{718DD78C-134D-424A-91B7-0F85F0204075}"
EndProject
Project("{FAE04EC0-301F-11D3-BF4B-00C04F79EFBC}") = "Boleto2.Net", "..\RVM.Solucoes\Sigman.Boleto2Net\Boleto2.Net\Boleto2.Net.csproj", "{F173E80B-E36B-48AD-B483-A27F8CA86F3C}"
EndProject
Project("{FAE04EC0-301F-11D3-BF4B-00C04F79EFBC}") = "Sigman.BB", "..\RVM.Solucoes\Sigman.BB\Sigman.BB.csproj", "{B44CC7DF-A662-4C8B-BD8D-11DADBB81404}"
EndProject
Project("{9A19103F-16F7-4668-BE54-9A1E7A4F7556}") = "HtmlToOpenXml", "..\RVM.Solucoes\Sigman.HtmlToOpenXml\src\Html2OpenXml\HtmlToOpenXml.csproj", "{62338A7A-5B73-4EDF-868E-E174B3AF06E8}"
EndProject
Project("{FAE04EC0-301F-11D3-BF4B-00C04F79EFBC}") = "Sigman.NFSe", "..\RVM.Solucoes\Sigman.NFSe\Sigman.NFSe.csproj", "{A020A3E9-E747-4F5E-B603-DDA24E7FA534}"
EndProject
Project("{FAE04EC0-301F-11D3-BF4B-00C04F79EFBC}") = "Sigman.Domain", "..\RVM.Solucoes\Sigman.Domain\Sigman.Domain.csproj", "{D6AA6958-D660-4FAD-968D-1678DDBC216C}"
EndProject
Project("{FAE04EC0-301F-11D3-BF4B-00C04F79EFBC}") = "Sigman.CEF", "..\RVM.Solucoes\Sigman.CEF\Sigman.CEF.csproj", "{12A73C98-2955-44D2-80B1-ABDE063D1D81}"
EndProject
Global
	GlobalSection(SolutionConfigurationPlatforms) = preSolution
		Debug|Any CPU = Debug|Any CPU
		Debug|x86 = Debug|x86
		Release|Any CPU = Release|Any CPU
		Release|x86 = Release|x86
	EndGlobalSection
	GlobalSection(ProjectConfigurationPlatforms) = postSolution
		{41EBC5E4-CB29-4C90-A811-BB7741C14A46}.Debug|Any CPU.ActiveCfg = Debug|Any CPU
		{41EBC5E4-CB29-4C90-A811-BB7741C14A46}.Debug|Any CPU.Build.0 = Debug|Any CPU
		{41EBC5E4-CB29-4C90-A811-BB7741C14A46}.Debug|x86.ActiveCfg = Debug|Any CPU
		{41EBC5E4-CB29-4C90-A811-BB7741C14A46}.Debug|x86.Build.0 = Debug|Any CPU
		{41EBC5E4-CB29-4C90-A811-BB7741C14A46}.Release|Any CPU.ActiveCfg = Release|Any CPU
		{41EBC5E4-CB29-4C90-A811-BB7741C14A46}.Release|Any CPU.Build.0 = Release|Any CPU
		{41EBC5E4-CB29-4C90-A811-BB7741C14A46}.Release|x86.ActiveCfg = Release|x86
		{41EBC5E4-CB29-4C90-A811-BB7741C14A46}.Release|x86.Build.0 = Release|x86
		{00EDE502-0963-46F6-8F50-242EF83F72F5}.Debug|Any CPU.ActiveCfg = Debug|Any CPU
		{00EDE502-0963-46F6-8F50-242EF83F72F5}.Debug|Any CPU.Build.0 = Debug|Any CPU
		{00EDE502-0963-46F6-8F50-242EF83F72F5}.Debug|x86.ActiveCfg = Debug|Any CPU
		{00EDE502-0963-46F6-8F50-242EF83F72F5}.Debug|x86.Build.0 = Debug|Any CPU
		{00EDE502-0963-46F6-8F50-242EF83F72F5}.Release|Any CPU.ActiveCfg = Release|Any CPU
		{00EDE502-0963-46F6-8F50-242EF83F72F5}.Release|Any CPU.Build.0 = Release|Any CPU
		{00EDE502-0963-46F6-8F50-242EF83F72F5}.Release|x86.ActiveCfg = Release|x86
		{00EDE502-0963-46F6-8F50-242EF83F72F5}.Release|x86.Build.0 = Release|x86
		{22E51117-94E0-4FF9-991B-08183D9C0542}.Debug|Any CPU.ActiveCfg = Debug|Any CPU
		{22E51117-94E0-4FF9-991B-08183D9C0542}.Debug|Any CPU.Build.0 = Debug|Any CPU
		{22E51117-94E0-4FF9-991B-08183D9C0542}.Debug|x86.ActiveCfg = Debug|Any CPU
		{22E51117-94E0-4FF9-991B-08183D9C0542}.Debug|x86.Build.0 = Debug|Any CPU
		{22E51117-94E0-4FF9-991B-08183D9C0542}.Release|Any CPU.ActiveCfg = Release|Any CPU
		{22E51117-94E0-4FF9-991B-08183D9C0542}.Release|Any CPU.Build.0 = Release|Any CPU
		{22E51117-94E0-4FF9-991B-08183D9C0542}.Release|x86.ActiveCfg = Release|x86
		{22E51117-94E0-4FF9-991B-08183D9C0542}.Release|x86.Build.0 = Release|x86
		{27D025FB-5F10-449D-B5CC-2A9F4E02D172}.Debug|Any CPU.ActiveCfg = Debug|Any CPU
		{27D025FB-5F10-449D-B5CC-2A9F4E02D172}.Debug|Any CPU.Build.0 = Debug|Any CPU
		{27D025FB-5F10-449D-B5CC-2A9F4E02D172}.Debug|x86.ActiveCfg = Debug|Any CPU
		{27D025FB-5F10-449D-B5CC-2A9F4E02D172}.Debug|x86.Build.0 = Debug|Any CPU
		{27D025FB-5F10-449D-B5CC-2A9F4E02D172}.Release|Any CPU.ActiveCfg = Release|Any CPU
		{27D025FB-5F10-449D-B5CC-2A9F4E02D172}.Release|Any CPU.Build.0 = Release|Any CPU
		{27D025FB-5F10-449D-B5CC-2A9F4E02D172}.Release|x86.ActiveCfg = Release|x86
		{27D025FB-5F10-449D-B5CC-2A9F4E02D172}.Release|x86.Build.0 = Release|x86
		{514EF384-1F2B-4341-8AFD-31718FE2D9B1}.Debug|Any CPU.ActiveCfg = Debug|Any CPU
		{514EF384-1F2B-4341-8AFD-31718FE2D9B1}.Debug|Any CPU.Build.0 = Debug|Any CPU
		{514EF384-1F2B-4341-8AFD-31718FE2D9B1}.Debug|x86.ActiveCfg = Debug|Any CPU
		{514EF384-1F2B-4341-8AFD-31718FE2D9B1}.Debug|x86.Build.0 = Debug|Any CPU
		{514EF384-1F2B-4341-8AFD-31718FE2D9B1}.Release|Any CPU.ActiveCfg = Release|Any CPU
		{514EF384-1F2B-4341-8AFD-31718FE2D9B1}.Release|Any CPU.Build.0 = Release|Any CPU
		{514EF384-1F2B-4341-8AFD-31718FE2D9B1}.Release|x86.ActiveCfg = Release|x86
		{514EF384-1F2B-4341-8AFD-31718FE2D9B1}.Release|x86.Build.0 = Release|x86
		{B5AC481C-A7EE-4C79-8FB6-EFEDE9607449}.Debug|Any CPU.ActiveCfg = Debug|Any CPU
		{B5AC481C-A7EE-4C79-8FB6-EFEDE9607449}.Debug|Any CPU.Build.0 = Debug|Any CPU
		{B5AC481C-A7EE-4C79-8FB6-EFEDE9607449}.Debug|x86.ActiveCfg = Debug|Any CPU
		{B5AC481C-A7EE-4C79-8FB6-EFEDE9607449}.Debug|x86.Build.0 = Debug|Any CPU
		{B5AC481C-A7EE-4C79-8FB6-EFEDE9607449}.Release|Any CPU.ActiveCfg = Release|Any CPU
		{B5AC481C-A7EE-4C79-8FB6-EFEDE9607449}.Release|Any CPU.Build.0 = Release|Any CPU
		{B5AC481C-A7EE-4C79-8FB6-EFEDE9607449}.Release|x86.ActiveCfg = Release|Any CPU
		{B5AC481C-A7EE-4C79-8FB6-EFEDE9607449}.Release|x86.Build.0 = Release|Any CPU
		{DF4C6F17-3DE1-4198-9476-6C4707BF89CB}.Debug|Any CPU.ActiveCfg = Debug|Any CPU
		{DF4C6F17-3DE1-4198-9476-6C4707BF89CB}.Debug|Any CPU.Build.0 = Debug|Any CPU
		{DF4C6F17-3DE1-4198-9476-6C4707BF89CB}.Debug|x86.ActiveCfg = Debug|Any CPU
		{DF4C6F17-3DE1-4198-9476-6C4707BF89CB}.Debug|x86.Build.0 = Debug|Any CPU
		{DF4C6F17-3DE1-4198-9476-6C4707BF89CB}.Release|Any CPU.ActiveCfg = Release|Any CPU
		{DF4C6F17-3DE1-4198-9476-6C4707BF89CB}.Release|Any CPU.Build.0 = Release|Any CPU
		{DF4C6F17-3DE1-4198-9476-6C4707BF89CB}.Release|x86.ActiveCfg = Release|Any CPU
		{DF4C6F17-3DE1-4198-9476-6C4707BF89CB}.Release|x86.Build.0 = Release|Any CPU
		{CD21AD5F-6ABB-4145-BE3C-B32A24B9F45F}.Debug|Any CPU.ActiveCfg = Debug|Any CPU
		{CD21AD5F-6ABB-4145-BE3C-B32A24B9F45F}.Debug|Any CPU.Build.0 = Debug|Any CPU
		{CD21AD5F-6ABB-4145-BE3C-B32A24B9F45F}.Debug|x86.ActiveCfg = Debug|Any CPU
		{CD21AD5F-6ABB-4145-BE3C-B32A24B9F45F}.Debug|x86.Build.0 = Debug|Any CPU
		{CD21AD5F-6ABB-4145-BE3C-B32A24B9F45F}.Release|Any CPU.ActiveCfg = Release|Any CPU
		{CD21AD5F-6ABB-4145-BE3C-B32A24B9F45F}.Release|Any CPU.Build.0 = Release|Any CPU
		{CD21AD5F-6ABB-4145-BE3C-B32A24B9F45F}.Release|x86.ActiveCfg = Release|Any CPU
		{CD21AD5F-6ABB-4145-BE3C-B32A24B9F45F}.Release|x86.Build.0 = Release|Any CPU
		{7887E8C6-4BC9-4E56-9AC6-119778E46D0B}.Debug|Any CPU.ActiveCfg = Debug|Any CPU
		{7887E8C6-4BC9-4E56-9AC6-119778E46D0B}.Debug|Any CPU.Build.0 = Debug|Any CPU
		{7887E8C6-4BC9-4E56-9AC6-119778E46D0B}.Debug|x86.ActiveCfg = Debug|Any CPU
		{7887E8C6-4BC9-4E56-9AC6-119778E46D0B}.Debug|x86.Build.0 = Debug|Any CPU
		{7887E8C6-4BC9-4E56-9AC6-119778E46D0B}.Release|Any CPU.ActiveCfg = Release|Any CPU
		{7887E8C6-4BC9-4E56-9AC6-119778E46D0B}.Release|Any CPU.Build.0 = Release|Any CPU
		{7887E8C6-4BC9-4E56-9AC6-119778E46D0B}.Release|x86.ActiveCfg = Release|Any CPU
		{7887E8C6-4BC9-4E56-9AC6-119778E46D0B}.Release|x86.Build.0 = Release|Any CPU
		{718DD78C-134D-424A-91B7-0F85F0204075}.Debug|Any CPU.ActiveCfg = Debug|Any CPU
		{718DD78C-134D-424A-91B7-0F85F0204075}.Debug|Any CPU.Build.0 = Debug|Any CPU
		{718DD78C-134D-424A-91B7-0F85F0204075}.Debug|x86.ActiveCfg = Debug|Any CPU
		{718DD78C-134D-424A-91B7-0F85F0204075}.Debug|x86.Build.0 = Debug|Any CPU
		{718DD78C-134D-424A-91B7-0F85F0204075}.Release|Any CPU.ActiveCfg = Release|Any CPU
		{718DD78C-134D-424A-91B7-0F85F0204075}.Release|Any CPU.Build.0 = Release|Any CPU
		{718DD78C-134D-424A-91B7-0F85F0204075}.Release|x86.ActiveCfg = Release|Any CPU
		{718DD78C-134D-424A-91B7-0F85F0204075}.Release|x86.Build.0 = Release|Any CPU
		{F173E80B-E36B-48AD-B483-A27F8CA86F3C}.Debug|Any CPU.ActiveCfg = Debug|Any CPU
		{F173E80B-E36B-48AD-B483-A27F8CA86F3C}.Debug|Any CPU.Build.0 = Debug|Any CPU
		{F173E80B-E36B-48AD-B483-A27F8CA86F3C}.Debug|x86.ActiveCfg = Debug|Any CPU
		{F173E80B-E36B-48AD-B483-A27F8CA86F3C}.Debug|x86.Build.0 = Debug|Any CPU
		{F173E80B-E36B-48AD-B483-A27F8CA86F3C}.Release|Any CPU.ActiveCfg = Release|Any CPU
		{F173E80B-E36B-48AD-B483-A27F8CA86F3C}.Release|Any CPU.Build.0 = Release|Any CPU
		{F173E80B-E36B-48AD-B483-A27F8CA86F3C}.Release|x86.ActiveCfg = Release|Any CPU
		{F173E80B-E36B-48AD-B483-A27F8CA86F3C}.Release|x86.Build.0 = Release|Any CPU
		{B44CC7DF-A662-4C8B-BD8D-11DADBB81404}.Debug|Any CPU.ActiveCfg = Debug|Any CPU
		{B44CC7DF-A662-4C8B-BD8D-11DADBB81404}.Debug|Any CPU.Build.0 = Debug|Any CPU
		{B44CC7DF-A662-4C8B-BD8D-11DADBB81404}.Debug|x86.ActiveCfg = Debug|Any CPU
		{B44CC7DF-A662-4C8B-BD8D-11DADBB81404}.Debug|x86.Build.0 = Debug|Any CPU
		{B44CC7DF-A662-4C8B-BD8D-11DADBB81404}.Release|Any CPU.ActiveCfg = Release|Any CPU
		{B44CC7DF-A662-4C8B-BD8D-11DADBB81404}.Release|Any CPU.Build.0 = Release|Any CPU
		{B44CC7DF-A662-4C8B-BD8D-11DADBB81404}.Release|x86.ActiveCfg = Release|Any CPU
		{B44CC7DF-A662-4C8B-BD8D-11DADBB81404}.Release|x86.Build.0 = Release|Any CPU
		{62338A7A-5B73-4EDF-868E-E174B3AF06E8}.Debug|Any CPU.ActiveCfg = Debug|Any CPU
		{62338A7A-5B73-4EDF-868E-E174B3AF06E8}.Debug|Any CPU.Build.0 = Debug|Any CPU
		{62338A7A-5B73-4EDF-868E-E174B3AF06E8}.Debug|x86.ActiveCfg = Debug|Any CPU
		{62338A7A-5B73-4EDF-868E-E174B3AF06E8}.Debug|x86.Build.0 = Debug|Any CPU
		{62338A7A-5B73-4EDF-868E-E174B3AF06E8}.Release|Any CPU.ActiveCfg = Release|Any CPU
		{62338A7A-5B73-4EDF-868E-E174B3AF06E8}.Release|Any CPU.Build.0 = Release|Any CPU
		{62338A7A-5B73-4EDF-868E-E174B3AF06E8}.Release|x86.ActiveCfg = Release|Any CPU
		{62338A7A-5B73-4EDF-868E-E174B3AF06E8}.Release|x86.Build.0 = Release|Any CPU
		{A020A3E9-E747-4F5E-B603-DDA24E7FA534}.Debug|Any CPU.ActiveCfg = Debug|Any CPU
		{A020A3E9-E747-4F5E-B603-DDA24E7FA534}.Debug|Any CPU.Build.0 = Debug|Any CPU
		{A020A3E9-E747-4F5E-B603-DDA24E7FA534}.Debug|x86.ActiveCfg = Debug|Any CPU
		{A020A3E9-E747-4F5E-B603-DDA24E7FA534}.Debug|x86.Build.0 = Debug|Any CPU
		{A020A3E9-E747-4F5E-B603-DDA24E7FA534}.Release|Any CPU.ActiveCfg = Release|Any CPU
		{A020A3E9-E747-4F5E-B603-DDA24E7FA534}.Release|Any CPU.Build.0 = Release|Any CPU
		{A020A3E9-E747-4F5E-B603-DDA24E7FA534}.Release|x86.ActiveCfg = Release|Any CPU
		{A020A3E9-E747-4F5E-B603-DDA24E7FA534}.Release|x86.Build.0 = Release|Any CPU
		{D6AA6958-D660-4FAD-968D-1678DDBC216C}.Debug|Any CPU.ActiveCfg = Debug|Any CPU
		{D6AA6958-D660-4FAD-968D-1678DDBC216C}.Debug|Any CPU.Build.0 = Debug|Any CPU
		{D6AA6958-D660-4FAD-968D-1678DDBC216C}.Debug|x86.ActiveCfg = Debug|Any CPU
		{D6AA6958-D660-4FAD-968D-1678DDBC216C}.Debug|x86.Build.0 = Debug|Any CPU
		{D6AA6958-D660-4FAD-968D-1678DDBC216C}.Release|Any CPU.ActiveCfg = Release|Any CPU
		{D6AA6958-D660-4FAD-968D-1678DDBC216C}.Release|Any CPU.Build.0 = Release|Any CPU
		{D6AA6958-D660-4FAD-968D-1678DDBC216C}.Release|x86.ActiveCfg = Release|Any CPU
		{D6AA6958-D660-4FAD-968D-1678DDBC216C}.Release|x86.Build.0 = Release|Any CPU
		{12A73C98-2955-44D2-80B1-ABDE063D1D81}.Debug|Any CPU.ActiveCfg = Debug|Any CPU
		{12A73C98-2955-44D2-80B1-ABDE063D1D81}.Debug|Any CPU.Build.0 = Debug|Any CPU
		{12A73C98-2955-44D2-80B1-ABDE063D1D81}.Debug|x86.ActiveCfg = Debug|Any CPU
		{12A73C98-2955-44D2-80B1-ABDE063D1D81}.Debug|x86.Build.0 = Debug|Any CPU
		{12A73C98-2955-44D2-80B1-ABDE063D1D81}.Release|Any CPU.ActiveCfg = Release|Any CPU
		{12A73C98-2955-44D2-80B1-ABDE063D1D81}.Release|Any CPU.Build.0 = Release|Any CPU
		{12A73C98-2955-44D2-80B1-ABDE063D1D81}.Release|x86.ActiveCfg = Release|Any CPU
		{12A73C98-2955-44D2-80B1-ABDE063D1D81}.Release|x86.Build.0 = Release|Any CPU
	EndGlobalSection
	GlobalSection(SolutionProperties) = preSolution
		HideSolutionNode = FALSE
	EndGlobalSection
	GlobalSection(NestedProjects) = preSolution
		{718DD78C-134D-424A-91B7-0F85F0204075} = {F20EC5B5-25F3-43DD-9D1C-BE145504602A}
		{F173E80B-E36B-48AD-B483-A27F8CA86F3C} = {F20EC5B5-25F3-43DD-9D1C-BE145504602A}
		{B44CC7DF-A662-4C8B-BD8D-11DADBB81404} = {F20EC5B5-25F3-43DD-9D1C-BE145504602A}
		{62338A7A-5B73-4EDF-868E-E174B3AF06E8} = {F20EC5B5-25F3-43DD-9D1C-BE145504602A}
		{A020A3E9-E747-4F5E-B603-DDA24E7FA534} = {F20EC5B5-25F3-43DD-9D1C-BE145504602A}
		{D6AA6958-D660-4FAD-968D-1678DDBC216C} = {F20EC5B5-25F3-43DD-9D1C-BE145504602A}
		{12A73C98-2955-44D2-80B1-ABDE063D1D81} = {F20EC5B5-25F3-43DD-9D1C-BE145504602A}
	EndGlobalSection
	GlobalSection(ExtensibilityGlobals) = postSolution
		SolutionGuid = {E98AB02D-1911-434E-87A3-AC1AFFDBF06F}
	EndGlobalSection
EndGlobal
