
Microsoft Visual Studio Solution File, Format Version 12.00
# Visual Studio Version 16
VisualStudioVersion = 16.0.34114.132
MinimumVisualStudioVersion = 10.0.40219.1
Project("{FAE04EC0-301F-11D3-BF4B-00C04F79EFBC}") = "Sigman.NFCe", "Sigman.NFCe\Sigman.NFCe.csproj", "{8A4FD847-11AF-4283-8E6E-4A8D7F7E2158}"
EndProject
Project("{FAE04EC0-301F-11D3-BF4B-00C04F79EFBC}") = "Sigman.NFSe", "Sigman.NFSe\Sigman.NFSe.csproj", "{A020A3E9-E747-4F5E-B603-DDA24E7FA534}"
EndProject
Project("{FAE04EC0-301F-11D3-BF4B-00C04F79EFBC}") = "Sigman.NFe", "Sigman.NFe\Sigman.NFe.csproj", "{99F1F71D-88AE-440D-B5C1-FA74F7193F2D}"
EndProject
Project("{2150E333-8FDC-42A3-9474-1A3956D46DE8}") = "Sigman.Boleto2Net", "Sigman.Boleto2Net", "{9BDBB20F-75B1-4D7C-8E3E-444E7D2A90F9}"
EndProject
Project("{FAE04EC0-301F-11D3-BF4B-00C04F79EFBC}") = "Boleto2.Net", "Sigman.Boleto2Net\Boleto2.Net\Boleto2.Net.csproj", "{F173E80B-E36B-48AD-B483-A27F8CA86F3C}"
EndProject
Project("{FAE04EC0-301F-11D3-BF4B-00C04F79EFBC}") = "Sigman.NotasEntradas", "Sigman.NotasEntrada\Sigman.NotasEntradas.csproj", "{253617FA-7764-49B2-9AAB-B26580CA065D}"
EndProject
Project("{FAE04EC0-301F-11D3-BF4B-00C04F79EFBC}") = "Sigman.Common", "Sigman.Common\Sigman.Common.csproj", "{718DD78C-134D-424A-91B7-0F85F0204075}"
EndProject
Project("{FAE04EC0-301F-11D3-BF4B-00C04F79EFBC}") = "Sigman.Domain", "Sigman.Domain\Sigman.Domain.csproj", "{D6AA6958-D660-4FAD-968D-1678DDBC216C}"
EndProject
Project("{FAE04EC0-301F-11D3-BF4B-00C04F79EFBC}") = "Sigman.BB", "Sigman.BB\Sigman.BB.csproj", "{B44CC7DF-A662-4C8B-BD8D-11DADBB81404}"
EndProject
Project("{FAE04EC0-301F-11D3-BF4B-00C04F79EFBC}") = "Sigman.Testes", "Sigman.Testes\Sigman.Testes.csproj", "{3B5887AC-9E76-45F2-9532-651CB0B37401}"
EndProject
Project("{FAE04EC0-301F-11D3-BF4B-00C04F79EFBC}") = "Sigman.CEF", "Sigman.CEF\Sigman.CEF.csproj", "{12A73C98-2955-44D2-80B1-ABDE063D1D81}"
EndProject
Global
	GlobalSection(SolutionConfigurationPlatforms) = preSolution
		Debug|Any CPU = Debug|Any CPU
		Debug|x64 = Debug|x64
		Debug|x86 = Debug|x86
		Release|Any CPU = Release|Any CPU
		Release|x64 = Release|x64
		Release|x86 = Release|x86
	EndGlobalSection
	GlobalSection(ProjectConfigurationPlatforms) = postSolution
		{8A4FD847-11AF-4283-8E6E-4A8D7F7E2158}.Debug|Any CPU.ActiveCfg = Debug|Any CPU
		{8A4FD847-11AF-4283-8E6E-4A8D7F7E2158}.Debug|Any CPU.Build.0 = Debug|Any CPU
		{8A4FD847-11AF-4283-8E6E-4A8D7F7E2158}.Debug|x64.ActiveCfg = Debug|Any CPU
		{8A4FD847-11AF-4283-8E6E-4A8D7F7E2158}.Debug|x64.Build.0 = Debug|Any CPU
		{8A4FD847-11AF-4283-8E6E-4A8D7F7E2158}.Debug|x86.ActiveCfg = Debug|Any CPU
		{8A4FD847-11AF-4283-8E6E-4A8D7F7E2158}.Debug|x86.Build.0 = Debug|Any CPU
		{8A4FD847-11AF-4283-8E6E-4A8D7F7E2158}.Release|Any CPU.ActiveCfg = Release|Any CPU
		{8A4FD847-11AF-4283-8E6E-4A8D7F7E2158}.Release|Any CPU.Build.0 = Release|Any CPU
		{8A4FD847-11AF-4283-8E6E-4A8D7F7E2158}.Release|x64.ActiveCfg = Release|Any CPU
		{8A4FD847-11AF-4283-8E6E-4A8D7F7E2158}.Release|x64.Build.0 = Release|Any CPU
		{8A4FD847-11AF-4283-8E6E-4A8D7F7E2158}.Release|x86.ActiveCfg = Release|Any CPU
		{8A4FD847-11AF-4283-8E6E-4A8D7F7E2158}.Release|x86.Build.0 = Release|Any CPU
		{A020A3E9-E747-4F5E-B603-DDA24E7FA534}.Debug|Any CPU.ActiveCfg = Debug|Any CPU
		{A020A3E9-E747-4F5E-B603-DDA24E7FA534}.Debug|Any CPU.Build.0 = Debug|Any CPU
		{A020A3E9-E747-4F5E-B603-DDA24E7FA534}.Debug|x64.ActiveCfg = Debug|Any CPU
		{A020A3E9-E747-4F5E-B603-DDA24E7FA534}.Debug|x64.Build.0 = Debug|Any CPU
		{A020A3E9-E747-4F5E-B603-DDA24E7FA534}.Debug|x86.ActiveCfg = Debug|Any CPU
		{A020A3E9-E747-4F5E-B603-DDA24E7FA534}.Debug|x86.Build.0 = Debug|Any CPU
		{A020A3E9-E747-4F5E-B603-DDA24E7FA534}.Release|Any CPU.ActiveCfg = Release|Any CPU
		{A020A3E9-E747-4F5E-B603-DDA24E7FA534}.Release|Any CPU.Build.0 = Release|Any CPU
		{A020A3E9-E747-4F5E-B603-DDA24E7FA534}.Release|x64.ActiveCfg = Release|Any CPU
		{A020A3E9-E747-4F5E-B603-DDA24E7FA534}.Release|x64.Build.0 = Release|Any CPU
		{A020A3E9-E747-4F5E-B603-DDA24E7FA534}.Release|x86.ActiveCfg = Release|Any CPU
		{A020A3E9-E747-4F5E-B603-DDA24E7FA534}.Release|x86.Build.0 = Release|Any CPU
		{99F1F71D-88AE-440D-B5C1-FA74F7193F2D}.Debug|Any CPU.ActiveCfg = Debug|Any CPU
		{99F1F71D-88AE-440D-B5C1-FA74F7193F2D}.Debug|Any CPU.Build.0 = Debug|Any CPU
		{99F1F71D-88AE-440D-B5C1-FA74F7193F2D}.Debug|x64.ActiveCfg = Debug|Any CPU
		{99F1F71D-88AE-440D-B5C1-FA74F7193F2D}.Debug|x64.Build.0 = Debug|Any CPU
		{99F1F71D-88AE-440D-B5C1-FA74F7193F2D}.Debug|x86.ActiveCfg = Debug|Any CPU
		{99F1F71D-88AE-440D-B5C1-FA74F7193F2D}.Debug|x86.Build.0 = Debug|Any CPU
		{99F1F71D-88AE-440D-B5C1-FA74F7193F2D}.Release|Any CPU.ActiveCfg = Release|Any CPU
		{99F1F71D-88AE-440D-B5C1-FA74F7193F2D}.Release|Any CPU.Build.0 = Release|Any CPU
		{99F1F71D-88AE-440D-B5C1-FA74F7193F2D}.Release|x64.ActiveCfg = Release|Any CPU
		{99F1F71D-88AE-440D-B5C1-FA74F7193F2D}.Release|x64.Build.0 = Release|Any CPU
		{99F1F71D-88AE-440D-B5C1-FA74F7193F2D}.Release|x86.ActiveCfg = Release|Any CPU
		{99F1F71D-88AE-440D-B5C1-FA74F7193F2D}.Release|x86.Build.0 = Release|Any CPU
		{F173E80B-E36B-48AD-B483-A27F8CA86F3C}.Debug|Any CPU.ActiveCfg = Debug|Any CPU
		{F173E80B-E36B-48AD-B483-A27F8CA86F3C}.Debug|Any CPU.Build.0 = Debug|Any CPU
		{F173E80B-E36B-48AD-B483-A27F8CA86F3C}.Debug|x64.ActiveCfg = Debug|Any CPU
		{F173E80B-E36B-48AD-B483-A27F8CA86F3C}.Debug|x64.Build.0 = Debug|Any CPU
		{F173E80B-E36B-48AD-B483-A27F8CA86F3C}.Debug|x86.ActiveCfg = Debug|Any CPU
		{F173E80B-E36B-48AD-B483-A27F8CA86F3C}.Debug|x86.Build.0 = Debug|Any CPU
		{F173E80B-E36B-48AD-B483-A27F8CA86F3C}.Release|Any CPU.ActiveCfg = Release|Any CPU
		{F173E80B-E36B-48AD-B483-A27F8CA86F3C}.Release|Any CPU.Build.0 = Release|Any CPU
		{F173E80B-E36B-48AD-B483-A27F8CA86F3C}.Release|x64.ActiveCfg = Release|Any CPU
		{F173E80B-E36B-48AD-B483-A27F8CA86F3C}.Release|x64.Build.0 = Release|Any CPU
		{F173E80B-E36B-48AD-B483-A27F8CA86F3C}.Release|x86.ActiveCfg = Release|Any CPU
		{F173E80B-E36B-48AD-B483-A27F8CA86F3C}.Release|x86.Build.0 = Release|Any CPU
		{253617FA-7764-49B2-9AAB-B26580CA065D}.Debug|Any CPU.ActiveCfg = Debug|Any CPU
		{253617FA-7764-49B2-9AAB-B26580CA065D}.Debug|Any CPU.Build.0 = Debug|Any CPU
		{253617FA-7764-49B2-9AAB-B26580CA065D}.Debug|x64.ActiveCfg = Debug|Any CPU
		{253617FA-7764-49B2-9AAB-B26580CA065D}.Debug|x64.Build.0 = Debug|Any CPU
		{253617FA-7764-49B2-9AAB-B26580CA065D}.Debug|x86.ActiveCfg = Debug|Any CPU
		{253617FA-7764-49B2-9AAB-B26580CA065D}.Debug|x86.Build.0 = Debug|Any CPU
		{253617FA-7764-49B2-9AAB-B26580CA065D}.Release|Any CPU.ActiveCfg = Release|Any CPU
		{253617FA-7764-49B2-9AAB-B26580CA065D}.Release|Any CPU.Build.0 = Release|Any CPU
		{253617FA-7764-49B2-9AAB-B26580CA065D}.Release|x64.ActiveCfg = Release|Any CPU
		{253617FA-7764-49B2-9AAB-B26580CA065D}.Release|x64.Build.0 = Release|Any CPU
		{253617FA-7764-49B2-9AAB-B26580CA065D}.Release|x86.ActiveCfg = Release|Any CPU
		{253617FA-7764-49B2-9AAB-B26580CA065D}.Release|x86.Build.0 = Release|Any CPU
		{718DD78C-134D-424A-91B7-0F85F0204075}.Debug|Any CPU.ActiveCfg = Debug|Any CPU
		{718DD78C-134D-424A-91B7-0F85F0204075}.Debug|Any CPU.Build.0 = Debug|Any CPU
		{718DD78C-134D-424A-91B7-0F85F0204075}.Debug|x64.ActiveCfg = Debug|Any CPU
		{718DD78C-134D-424A-91B7-0F85F0204075}.Debug|x64.Build.0 = Debug|Any CPU
		{718DD78C-134D-424A-91B7-0F85F0204075}.Debug|x86.ActiveCfg = Debug|Any CPU
		{718DD78C-134D-424A-91B7-0F85F0204075}.Debug|x86.Build.0 = Debug|Any CPU
		{718DD78C-134D-424A-91B7-0F85F0204075}.Release|Any CPU.ActiveCfg = Release|Any CPU
		{718DD78C-134D-424A-91B7-0F85F0204075}.Release|Any CPU.Build.0 = Release|Any CPU
		{718DD78C-134D-424A-91B7-0F85F0204075}.Release|x64.ActiveCfg = Release|Any CPU
		{718DD78C-134D-424A-91B7-0F85F0204075}.Release|x64.Build.0 = Release|Any CPU
		{718DD78C-134D-424A-91B7-0F85F0204075}.Release|x86.ActiveCfg = Release|Any CPU
		{718DD78C-134D-424A-91B7-0F85F0204075}.Release|x86.Build.0 = Release|Any CPU
		{D6AA6958-D660-4FAD-968D-1678DDBC216C}.Debug|Any CPU.ActiveCfg = Debug|Any CPU
		{D6AA6958-D660-4FAD-968D-1678DDBC216C}.Debug|Any CPU.Build.0 = Debug|Any CPU
		{D6AA6958-D660-4FAD-968D-1678DDBC216C}.Debug|x64.ActiveCfg = Debug|Any CPU
		{D6AA6958-D660-4FAD-968D-1678DDBC216C}.Debug|x64.Build.0 = Debug|Any CPU
		{D6AA6958-D660-4FAD-968D-1678DDBC216C}.Debug|x86.ActiveCfg = Debug|Any CPU
		{D6AA6958-D660-4FAD-968D-1678DDBC216C}.Debug|x86.Build.0 = Debug|Any CPU
		{D6AA6958-D660-4FAD-968D-1678DDBC216C}.Release|Any CPU.ActiveCfg = Release|Any CPU
		{D6AA6958-D660-4FAD-968D-1678DDBC216C}.Release|Any CPU.Build.0 = Release|Any CPU
		{D6AA6958-D660-4FAD-968D-1678DDBC216C}.Release|x64.ActiveCfg = Release|Any CPU
		{D6AA6958-D660-4FAD-968D-1678DDBC216C}.Release|x64.Build.0 = Release|Any CPU
		{D6AA6958-D660-4FAD-968D-1678DDBC216C}.Release|x86.ActiveCfg = Release|Any CPU
		{D6AA6958-D660-4FAD-968D-1678DDBC216C}.Release|x86.Build.0 = Release|Any CPU
		{B44CC7DF-A662-4C8B-BD8D-11DADBB81404}.Debug|Any CPU.ActiveCfg = Debug|Any CPU
		{B44CC7DF-A662-4C8B-BD8D-11DADBB81404}.Debug|Any CPU.Build.0 = Debug|Any CPU
		{B44CC7DF-A662-4C8B-BD8D-11DADBB81404}.Debug|x64.ActiveCfg = Debug|Any CPU
		{B44CC7DF-A662-4C8B-BD8D-11DADBB81404}.Debug|x64.Build.0 = Debug|Any CPU
		{B44CC7DF-A662-4C8B-BD8D-11DADBB81404}.Debug|x86.ActiveCfg = Debug|Any CPU
		{B44CC7DF-A662-4C8B-BD8D-11DADBB81404}.Debug|x86.Build.0 = Debug|Any CPU
		{B44CC7DF-A662-4C8B-BD8D-11DADBB81404}.Release|Any CPU.ActiveCfg = Release|Any CPU
		{B44CC7DF-A662-4C8B-BD8D-11DADBB81404}.Release|Any CPU.Build.0 = Release|Any CPU
		{B44CC7DF-A662-4C8B-BD8D-11DADBB81404}.Release|x64.ActiveCfg = Release|Any CPU
		{B44CC7DF-A662-4C8B-BD8D-11DADBB81404}.Release|x64.Build.0 = Release|Any CPU
		{B44CC7DF-A662-4C8B-BD8D-11DADBB81404}.Release|x86.ActiveCfg = Release|Any CPU
		{B44CC7DF-A662-4C8B-BD8D-11DADBB81404}.Release|x86.Build.0 = Release|Any CPU
		{3B5887AC-9E76-45F2-9532-651CB0B37401}.Debug|Any CPU.ActiveCfg = Debug|Any CPU
		{3B5887AC-9E76-45F2-9532-651CB0B37401}.Debug|Any CPU.Build.0 = Debug|Any CPU
		{3B5887AC-9E76-45F2-9532-651CB0B37401}.Debug|x64.ActiveCfg = Debug|Any CPU
		{3B5887AC-9E76-45F2-9532-651CB0B37401}.Debug|x64.Build.0 = Debug|Any CPU
		{3B5887AC-9E76-45F2-9532-651CB0B37401}.Debug|x86.ActiveCfg = Debug|Any CPU
		{3B5887AC-9E76-45F2-9532-651CB0B37401}.Debug|x86.Build.0 = Debug|Any CPU
		{3B5887AC-9E76-45F2-9532-651CB0B37401}.Release|Any CPU.ActiveCfg = Release|Any CPU
		{3B5887AC-9E76-45F2-9532-651CB0B37401}.Release|Any CPU.Build.0 = Release|Any CPU
		{3B5887AC-9E76-45F2-9532-651CB0B37401}.Release|x64.ActiveCfg = Release|Any CPU
		{3B5887AC-9E76-45F2-9532-651CB0B37401}.Release|x64.Build.0 = Release|Any CPU
		{3B5887AC-9E76-45F2-9532-651CB0B37401}.Release|x86.ActiveCfg = Release|Any CPU
		{3B5887AC-9E76-45F2-9532-651CB0B37401}.Release|x86.Build.0 = Release|Any CPU
		{12A73C98-2955-44D2-80B1-ABDE063D1D81}.Debug|Any CPU.ActiveCfg = Debug|Any CPU
		{12A73C98-2955-44D2-80B1-ABDE063D1D81}.Debug|Any CPU.Build.0 = Debug|Any CPU
		{12A73C98-2955-44D2-80B1-ABDE063D1D81}.Debug|x64.ActiveCfg = Debug|Any CPU
		{12A73C98-2955-44D2-80B1-ABDE063D1D81}.Debug|x64.Build.0 = Debug|Any CPU
		{12A73C98-2955-44D2-80B1-ABDE063D1D81}.Debug|x86.ActiveCfg = Debug|Any CPU
		{12A73C98-2955-44D2-80B1-ABDE063D1D81}.Debug|x86.Build.0 = Debug|Any CPU
		{12A73C98-2955-44D2-80B1-ABDE063D1D81}.Release|Any CPU.ActiveCfg = Release|Any CPU
		{12A73C98-2955-44D2-80B1-ABDE063D1D81}.Release|Any CPU.Build.0 = Release|Any CPU
		{12A73C98-2955-44D2-80B1-ABDE063D1D81}.Release|x64.ActiveCfg = Release|Any CPU
		{12A73C98-2955-44D2-80B1-ABDE063D1D81}.Release|x64.Build.0 = Release|Any CPU
		{12A73C98-2955-44D2-80B1-ABDE063D1D81}.Release|x86.ActiveCfg = Release|Any CPU
		{12A73C98-2955-44D2-80B1-ABDE063D1D81}.Release|x86.Build.0 = Release|Any CPU
	EndGlobalSection
	GlobalSection(SolutionProperties) = preSolution
		HideSolutionNode = FALSE
	EndGlobalSection
	GlobalSection(NestedProjects) = preSolution
		{F173E80B-E36B-48AD-B483-A27F8CA86F3C} = {9BDBB20F-75B1-4D7C-8E3E-444E7D2A90F9}
	EndGlobalSection
	GlobalSection(ExtensibilityGlobals) = postSolution
		SolutionGuid = {E8F299CD-8E1C-48A5-8102-57CBD9819DF0}
	EndGlobalSection
EndGlobal
